// !$*UTF8*$!
{
	archiveVersion = 1;
	classes = {
	};
	objectVersion = 50;
	objects = {

/* Begin PBXBuildFile section */
		ADB36F0526E71FC700F94744 /* swift_side_menuApp.swift in Sources */ = {isa = PBXBuildFile; fileRef = ADB36F0426E71FC700F94744 /* swift_side_menuApp.swift */; };
		ADB36F0726E71FC700F94744 /* HomeView.swift in Sources */ = {isa = PBXBuildFile; fileRef = ADB36F0626E71FC700F94744 /* HomeView.swift */; };
		ADB36F0926E71FC900F94744 /* Assets.xcassets in Resources */ = {isa = PBXBuildFile; fileRef = ADB36F0826E71FC900F94744 /* Assets.xcassets */; };
		ADB36F0C26E71FC900F94744 /* Preview Assets.xcassets in Resources */ = {isa = PBXBuildFile; fileRef = ADB36F0B26E71FC900F94744 /* Preview Assets.xcassets */; };
		ADB36F1426E7230A00F94744 /* SideMenuView.swift in Sources */ = {isa = PBXBuildFile; fileRef = ADB36F1326E7230A00F94744 /* SideMenuView.swift */; };
		ADB36F1926E7235800F94744 /* SideMenuHeaderView.swift in Sources */ = {isa = PBXBuildFile; fileRef = ADB36F1826E7235800F94744 /* SideMenuHeaderView.swift */; };
		ADB36F1B26E7238000F94744 /* SideMenuOptionView.swift in Sources */ = {isa = PBXBuildFile; fileRef = ADB36F1A26E7238000F94744 /* SideMenuOptionView.swift */; };
		ADB36F1D26E723EF00F94744 /* SideMenuViewModel.swift in Sources */ = {isa = PBXBuildFile; fileRef = ADB36F1C26E723EF00F94744 /* SideMenuViewModel.swift */; };
		ADB36F2026E750BB00F94744 /* Avatar.swift in Sources */ = {isa = PBXBuildFile; fileRef = ADB36F1F26E750BB00F94744 /* Avatar.swift */; };
/* End PBXBuildFile section */

/* Begin PBXFileReference section */
		ADB36F0126E71FC700F94744 /* swift-side-menu.app */ = {isa = PBXFileReference; explicitFileType = wrapper.application; includeInIndex = 0; path = "swift-side-menu.app"; sourceTree = BUILT_PRODUCTS_DIR; };
		ADB36F0426E71FC700F94744 /* swift_side_menuApp.swift */ = {isa = PBXFileReference; lastKnownFileType = sourcecode.swift; path = swift_side_menuApp.swift; sourceTree = "<group>"; };
		ADB36F0626E71FC700F94744 /* HomeView.swift */ = {isa = PBXFileReference; lastKnownFileType = sourcecode.swift; path = HomeView.swift; sourceTree = "<group>"; };
		ADB36F0826E71FC900F94744 /* Assets.xcassets */ = {isa = PBXFileReference; lastKnownFileType = folder.assetcatalog; path = Assets.xcassets; sourceTree = "<group>"; };
		ADB36F0B26E71FC900F94744 /* Preview Assets.xcassets */ = {isa = PBXFileReference; lastKnownFileType = folder.assetcatalog; path = "Preview Assets.xcassets"; sourceTree = "<group>"; };
		ADB36F0D26E71FC900F94744 /* Info.plist */ = {isa = PBXFileReference; lastKnownFileType = text.plist.xml; path = Info.plist; sourceTree = "<group>"; };
		ADB36F1326E7230A00F94744 /* SideMenuView.swift */ = {isa = PBXFileReference; lastKnownFileType = sourcecode.swift; path = SideMenuView.swift; sourceTree = "<group>"; };
		ADB36F1826E7235800F94744 /* SideMenuHeaderView.swift */ = {isa = PBXFileReference; lastKnownFileType = sourcecode.swift; path = SideMenuHeaderView.swift; sourceTree = "<group>"; };
		ADB36F1A26E7238000F94744 /* SideMenuOptionView.swift */ = {isa = PBXFileReference; lastKnownFileType = sourcecode.swift; path = SideMenuOptionView.swift; sourceTree = "<group>"; };
		ADB36F1C26E723EF00F94744 /* SideMenuViewModel.swift */ = {isa = PBXFileReference; lastKnownFileType = sourcecode.swift; path = SideMenuViewModel.swift; sourceTree = "<group>"; };
		ADB36F1F26E750BB00F94744 /* Avatar.swift */ = {isa = PBXFileReference; lastKnownFileType = sourcecode.swift; path = Avatar.swift; sourceTree = "<group>"; };
/* End PBXFileReference section */

/* Begin PBXFrameworksBuildPhase section */
		ADB36EFE26E71FC700F94744 /* Frameworks */ = {
			isa = PBXFrameworksBuildPhase;
			buildActionMask = 2147483647;
			files = (
			);
			runOnlyForDeploymentPostprocessing = 0;
		};
/* End PBXFrameworksBuildPhase section */

/* Begin PBXGroup section */
		ADB36EF826E71FC700F94744 = {
			isa = PBXGroup;
			children = (
				ADB36F0326E71FC700F94744 /* swift-side-menu */,
				ADB36F0226E71FC700F94744 /* Products */,
			);
			sourceTree = "<group>";
		};
		ADB36F0226E71FC700F94744 /* Products */ = {
			isa = PBXGroup;
			children = (
				ADB36F0126E71FC700F94744 /* swift-side-menu.app */,
			);
			name = Products;
			sourceTree = "<group>";
		};
		ADB36F0326E71FC700F94744 /* swift-side-menu */ = {
			isa = PBXGroup;
			children = (
				ADB36F1E26E750A300F94744 /* Utilities */,
				ADB36F0426E71FC700F94744 /* swift_side_menuApp.swift */,
				ADB36F1726E7232E00F94744 /* ViewModel */,
				ADB36F1626E7232900F94744 /* View */,
				ADB36F1526E7232100F94744 /* Model */,
				ADB36F0826E71FC900F94744 /* Assets.xcassets */,
				ADB36F0D26E71FC900F94744 /* Info.plist */,
				ADB36F0A26E71FC900F94744 /* Preview Content */,
			);
			path = "swift-side-menu";
			sourceTree = "<group>";
		};
		ADB36F0A26E71FC900F94744 /* Preview Content */ = {
			isa = PBXGroup;
			children = (
				ADB36F0B26E71FC900F94744 /* Preview Assets.xcassets */,
			);
			path = "Preview Content";
			sourceTree = "<group>";
		};
		ADB36F1526E7232100F94744 /* Model */ = {
			isa = PBXGroup;
			children = (
			);
			path = Model;
			sourceTree = "<group>";
		};
		ADB36F1626E7232900F94744 /* View */ = {
			isa = PBXGroup;
			children = (
				ADB36F0626E71FC700F94744 /* HomeView.swift */,
				ADB36F1326E7230A00F94744 /* SideMenuView.swift */,
				ADB36F1826E7235800F94744 /* SideMenuHeaderView.swift */,
				ADB36F1A26E7238000F94744 /* SideMenuOptionView.swift */,
			);
			path = View;
			sourceTree = "<group>";
		};
		ADB36F1726E7232E00F94744 /* ViewModel */ = {
			isa = PBXGroup;
			children = (
				ADB36F1C26E723EF00F94744 /* SideMenuViewModel.swift */,
			);
			path = ViewModel;
			sourceTree = "<group>";
		};
		ADB36F1E26E750A300F94744 /* Utilities */ = {
			isa = PBXGroup;
			children = (
				ADB36F1F26E750BB00F94744 /* Avatar.swift */,
			);
			path = Utilities;
			sourceTree = "<group>";
		};
/* End PBXGroup section */

/* Begin PBXNativeTarget section */
		ADB36F0026E71FC700F94744 /* swift-side-menu */ = {
			isa = PBXNativeTarget;
			buildConfigurationList = ADB36F1026E71FC900F94744 /* Build configuration list for PBXNativeTarget "swift-side-menu" */;
			buildPhases = (
				ADB36EFD26E71FC700F94744 /* Sources */,
				ADB36EFE26E71FC700F94744 /* Frameworks */,
				ADB36EFF26E71FC700F94744 /* Resources */,
			);
			buildRules = (
			);
			dependencies = (
			);
			name = "swift-side-menu";
			productName = "swift-side-menu";
			productReference = ADB36F0126E71FC700F94744 /* swift-side-menu.app */;
			productType = "com.apple.product-type.application";
		};
/* End PBXNativeTarget section */

/* Begin PBXProject section */
		ADB36EF926E71FC700F94744 /* Project object */ = {
			isa = PBXProject;
			attributes = {
				LastSwiftUpdateCheck = 1250;
				LastUpgradeCheck = 1250;
				TargetAttributes = {
					ADB36F0026E71FC700F94744 = {
						CreatedOnToolsVersion = 12.5.1;
					};
				};
			};
			buildConfigurationList = ADB36EFC26E71FC700F94744 /* Build configuration list for PBXProject "swift-side-menu" */;
			compatibilityVersion = "Xcode 9.3";
			developmentRegion = en;
			hasScannedForEncodings = 0;
			knownRegions = (
				en,
				Base,
			);
			mainGroup = ADB36EF826E71FC700F94744;
			productRefGroup = ADB36F0226E71FC700F94744 /* Products */;
			projectDirPath = "";
			projectRoot = "";
			targets = (
				ADB36F0026E71FC700F94744 /* swift-side-menu */,
			);
		};
/* End PBXProject section */

/* Begin PBXResourcesBuildPhase section */
		ADB36EFF26E71FC700F94744 /* Resources */ = {
			isa = PBXResourcesBuildPhase;
			buildActionMask = 2147483647;
			files = (
				ADB36F0C26E71FC900F94744 /* Preview Assets.xcassets in Resources */,
				ADB36F0926E71FC900F94744 /* Assets.xcassets in Resources */,
			);
			runOnlyForDeploymentPostprocessing = 0;
		};
/* End PBXResourcesBuildPhase section */

/* Begin PBXSourcesBuildPhase section */
		ADB36EFD26E71FC700F94744 /* Sources */ = {
			isa = PBXSourcesBuildPhase;
			buildActionMask = 2147483647;
			files = (
				ADB36F1426E7230A00F94744 /* SideMenuView.swift in Sources */,
				ADB36F0726E71FC700F94744 /* HomeView.swift in Sources */,
				ADB36F1926E7235800F94744 /* SideMenuHeaderView.swift in Sources */,
				ADB36F1B26E7238000F94744 /* SideMenuOptionView.swift in Sources */,
				ADB36F2026E750BB00F94744 /* Avatar.swift in Sources */,
				ADB36F1D26E723EF00F94744 /* SideMenuViewModel.swift in Sources */,
				ADB36F0526E71FC700F94744 /* swift_side_menuApp.swift in Sources */,
			);
			runOnlyForDeploymentPostprocessing = 0;
		};
/* End PBXSourcesBuildPhase section */

/* Begin XCBuildConfiguration section */
		ADB36F0E26E71FC900F94744 /* Debug */ = {
			isa = XCBuildConfiguration;
			buildSettings = {
				ALWAYS_SEARCH_USER_PATHS = NO;
				CLANG_ANALYZER_NONNULL = YES;
				CLANG_ANALYZER_NUMBER_OBJECT_CONVERSION = YES_AGGRESSIVE;
				CLANG_CXX_LANGUAGE_STANDARD = "gnu++14";
				CLANG_CXX_LIBRARY = "libc++";
				CLANG_ENABLE_MODULES = YES;
				CLANG_ENABLE_OBJC_ARC = YES;
				CLANG_ENABLE_OBJC_WEAK = YES;
				CLANG_WARN_BLOCK_CAPTURE_AUTORELEASING = YES;
				CLANG_WARN_BOOL_CONVERSION = YES;
				CLANG_WARN_COMMA = YES;
				CLANG_WARN_CONSTANT_CONVERSION = YES;
				CLANG_WARN_DEPRECATED_OBJC_IMPLEMENTATIONS = YES;
				CLANG_WARN_DIRECT_OBJC_ISA_USAGE = YES_ERROR;
				CLANG_WARN_DOCUMENTATION_COMMENTS = YES;
				CLANG_WARN_EMPTY_BODY = YES;
				CLANG_WARN_ENUM_CONVERSION = YES;
				CLANG_WARN_INFINITE_RECURSION = YES;
				CLANG_WARN_INT_CONVERSION = YES;
				CLANG_WARN_NON_LITERAL_NULL_CONVERSION = YES;
				CLANG_WARN_OBJC_IMPLICIT_RETAIN_SELF = YES;
				CLANG_WARN_OBJC_LITERAL_CONVERSION = YES;
				CLANG_WARN_OBJC_ROOT_CLASS = YES_ERROR;
				CLANG_WARN_QUOTED_INCLUDE_IN_FRAMEWORK_HEADER = YES;
				CLANG_WARN_RANGE_LOOP_ANALYSIS = YES;
				CLANG_WARN_STRICT_PROTOTYPES = YES;
				CLANG_WARN_SUSPICIOUS_MOVE = YES;
				CLANG_WARN_UNGUARDED_AVAILABILITY = YES_AGGRESSIVE;
				CLANG_WARN_UNREACHABLE_CODE = YES;
				CLANG_WARN__DUPLICATE_METHOD_MATCH = YES;
				COPY_PHASE_STRIP = NO;
				DEBUG_INFORMATION_FORMAT = dwarf;
				ENABLE_STRICT_OBJC_MSGSEND = YES;
				ENABLE_TESTABILITY = YES;
				GCC_C_LANGUAGE_STANDARD = gnu11;
				GCC_DYNAMIC_NO_PIC = NO;
				GCC_NO_COMMON_BLOCKS = YES;
				GCC_OPTIMIZATION_LEVEL = 0;
				GCC_PREPROCESSOR_DEFINITIONS = (
					"DEBUG=1",
					"$(inherited)",
				);
				GCC_WARN_64_TO_32_BIT_CONVERSION = YES;
				GCC_WARN_ABOUT_RETURN_TYPE = YES_ERROR;
				GCC_WARN_UNDECLARED_SELECTOR = YES;
				GCC_WARN_UNINITIALIZED_AUTOS = YES_AGGRESSIVE;
				GCC_WARN_UNUSED_FUNCTION = YES;
				GCC_WARN_UNUSED_VARIABLE = YES;
				IPHONEOS_DEPLOYMENT_TARGET = 14.5;
				MTL_ENABLE_DEBUG_INFO = INCLUDE_SOURCE;
				MTL_FAST_MATH = YES;
				ONLY_ACTIVE_ARCH = YES;
				SDKROOT = iphoneos;
				SWIFT_ACTIVE_COMPILATION_CONDITIONS = DEBUG;
				SWIFT_OPTIMIZATION_LEVEL = "-Onone";
			};
			name = Debug;
		};
		ADB36F0F26E71FC900F94744 /* Release */ = {
			isa = XCBuildConfiguration;
			buildSettings = {
				ALWAYS_SEARCH_USER_PATHS = NO;
				CLANG_ANALYZER_NONNULL = YES;
				CLANG_ANALYZER_NUMBER_OBJECT_CONVERSION = YES_AGGRESSIVE;
				CLANG_CXX_LANGUAGE_STANDARD = "gnu++14";
				CLANG_CXX_LIBRARY = "libc++";
				CLANG_ENABLE_MODULES = YES;
				CLANG_ENABLE_OBJC_ARC = YES;
				CLANG_ENABLE_OBJC_WEAK = YES;
				CLANG_WARN_BLOCK_CAPTURE_AUTORELEASING = YES;
				CLANG_WARN_BOOL_CONVERSION = YES;
				CLANG_WARN_COMMA = YES;
				CLANG_WARN_CONSTANT_CONVERSION = YES;
				CLANG_WARN_DEPRECATED_OBJC_IMPLEMENTATIONS = YES;
				CLANG_WARN_DIRECT_OBJC_ISA_USAGE = YES_ERROR;
				CLANG_WARN_DOCUMENTATION_COMMENTS = YES;
				CLANG_WARN_EMPTY_BODY = YES;
				CLANG_WARN_ENUM_CONVERSION = YES;
				CLANG_WARN_INFINITE_RECURSION = YES;
				CLANG_WARN_INT_CONVERSION = YES;
				CLANG_WARN_NON_LITERAL_NULL_CONVERSION = YES;
				CLANG_WARN_OBJC_IMPLICIT_RETAIN_SELF = YES;
				CLANG_WARN_OBJC_LITERAL_CONVERSION = YES;
				CLANG_WARN_OBJC_ROOT_CLASS = YES_ERROR;
				CLANG_WARN_QUOTED_INCLUDE_IN_FRAMEWORK_HEADER = YES;
				CLANG_WARN_RANGE_LOOP_ANALYSIS = YES;
				CLANG_WARN_STRICT_PROTOTYPES = YES;
				CLANG_WARN_SUSPICIOUS_MOVE = YES;
				CLANG_WARN_UNGUARDED_AVAILABILITY = YES_AGGRESSIVE;
				CLANG_WARN_UNREACHABLE_CODE = YES;
				CLANG_WARN__DUPLICATE_METHOD_MATCH = YES;
				COPY_PHASE_STRIP = NO;
				DEBUG_INFORMATION_FORMAT = "dwarf-with-dsym";
				ENABLE_NS_ASSERTIONS = NO;
				ENABLE_STRICT_OBJC_MSGSEND = YES;
				GCC_C_LANGUAGE_STANDARD = gnu11;
				GCC_NO_COMMON_BLOCKS = YES;
				GCC_WARN_64_TO_32_BIT_CONVERSION = YES;
				GCC_WARN_ABOUT_RETURN_TYPE = YES_ERROR;
				GCC_WARN_UNDECLARED_SELECTOR = YES;
				GCC_WARN_UNINITIALIZED_AUTOS = YES_AGGRESSIVE;
				GCC_WARN_UNUSED_FUNCTION = YES;
				GCC_WARN_UNUSED_VARIABLE = YES;
				IPHONEOS_DEPLOYMENT_TARGET = 14.5;
				MTL_ENABLE_DEBUG_INFO = NO;
				MTL_FAST_MATH = YES;
				SDKROOT = iphoneos;
				SWIFT_COMPILATION_MODE = wholemodule;
				SWIFT_OPTIMIZATION_LEVEL = "-O";
				VALIDATE_PRODUCT = YES;
			};
			name = Release;
		};
		ADB36F1126E71FC900F94744 /* Debug */ = {
			isa = XCBuildConfiguration;
			buildSettings = {
				ASSETCATALOG_COMPILER_APPICON_NAME = AppIcon;
				ASSETCATALOG_COMPILER_GLOBAL_ACCENT_COLOR_NAME = AccentColor;
				CODE_SIGN_STYLE = Automatic;
				DEVELOPMENT_ASSET_PATHS = "\"swift-side-menu/Preview Content\"";
				ENABLE_PREVIEWS = YES;
				INFOPLIST_FILE = "swift-side-menu/Info.plist";
				IPHONEOS_DEPLOYMENT_TARGET = 14.0;
				LD_RUNPATH_SEARCH_PATHS = (
					"$(inherited)",
					"@executable_path/Frameworks",
				);
				PRODUCT_BUNDLE_IDENTIFIER = "com.tund.swift-side-menu";
				PRODUCT_NAME = "$(TARGET_NAME)";
				SWIFT_VERSION = 5.0;
				TARGETED_DEVICE_FAMILY = "1,2";
			};
			name = Debug;
		};
		ADB36F1226E71FC900F94744 /* Release */ = {
			isa = XCBuildConfiguration;
			buildSettings = {
				ASSETCATALOG_COMPILER_APPICON_NAME = AppIcon;
				ASSETCATALOG_COMPILER_GLOBAL_ACCENT_COLOR_NAME = AccentColor;
				CODE_SIGN_STYLE = Automatic;
				DEVELOPMENT_ASSET_PATHS = "\"swift-side-menu/Preview Content\"";
				ENABLE_PREVIEWS = YES;
				INFOPLIST_FILE = "swift-side-menu/Info.plist";
				IPHONEOS_DEPLOYMENT_TARGET = 14.0;
				LD_RUNPATH_SEARCH_PATHS = (
					"$(inherited)",
					"@executable_path/Frameworks",
				);
				PRODUCT_BUNDLE_IDENTIFIER = "com.tund.swift-side-menu";
				PRODUCT_NAME = "$(TARGET_NAME)";
				SWIFT_VERSION = 5.0;
				TARGETED_DEVICE_FAMILY = "1,2";
			};
			name = Release;
		};
/* End XCBuildConfiguration section */

/* Begin XCConfigurationList section */
		ADB36EFC26E71FC700F94744 /* Build configuration list for PBXProject "swift-side-menu" */ = {
			isa = XCConfigurationList;
			buildConfigurations = (
				ADB36F0E26E71FC900F94744 /* Debug */,
				ADB36F0F26E71FC900F94744 /* Release */,
			);
			defaultConfigurationIsVisible = 0;
			defaultConfigurationName = Release;
		};
		ADB36F1026E71FC900F94744 /* Build configuration list for PBXNativeTarget "swift-side-menu" */ = {
			isa = XCConfigurationList;
			buildConfigurations = (
				ADB36F1126E71FC900F94744 /* Debug */,
				ADB36F1226E71FC900F94744 /* Release */,
			);
			defaultConfigurationIsVisible = 0;
			defaultConfigurationName = Release;
		};
/* End XCConfigurationList section */
	};
	rootObject = ADB36EF926E71FC700F94744 /* Project object */;
}
